
Microsoft Visual Studio Solution File, Format Version 12.00
# Visual Studio 15
VisualStudioVersion = 15.0.27428.2011
MinimumVisualStudioVersion = 10.0.40219.1
Project("{FAE04EC0-301F-11D3-BF4B-00C04F79EFBC}") = "FighterGame", "MonoGame Template\FighterGame.csproj", "{1A13B085-5968-491A-AE2B-C16B9FDC2531}"
EndProject
Project("{FAE04EC0-301F-11D3-BF4B-00C04F79EFBC}") = "MapMaker", "MapMaker\MapMaker.csproj", "{8E06189C-0921-4704-A4C1-0A86216A2184}"
EndProject
Project("{FAE04EC0-301F-11D3-BF4B-00C04F79EFBC}") = "PolygonalPhysics", "C:\Users\rgoul\Documents\Visual Studio 2017\Projects\PolygonalPhysics\PolygonalPhysics\PolygonalPhysics.csproj", "{6B217B47-CBBC-449E-90A7-8170BE3EC8E6}"
EndProject
Project("{FAE04EC0-301F-11D3-BF4B-00C04F79EFBC}") = "GameGUI", "GameGUI\GameGUI\GameGUI.csproj", "{AF0CC174-1FCF-4619-A030-55DB7B752A32}"
EndProject
Project("{FAE04EC0-301F-11D3-BF4B-00C04F79EFBC}") = "ServerTest", "ServerTest\ServerTest.csproj", "{036F1124-87CF-474F-93C1-15EAD6C8D059}"
EndProject
Project("{FAE04EC0-301F-11D3-BF4B-00C04F79EFBC}") = "FighterMatchmaker", "FighterMatchmaker\FighterMatchmaker.csproj", "{7DC456B0-80B8-4201-884C-8E0EEE1B7C24}"
EndProject
Global
	GlobalSection(SolutionConfigurationPlatforms) = preSolution
		Debug|Any CPU = Debug|Any CPU
		Debug|x86 = Debug|x86
		Release|Any CPU = Release|Any CPU
		Release|x86 = Release|x86
	EndGlobalSection
	GlobalSection(ProjectConfigurationPlatforms) = postSolution
		{1A13B085-5968-491A-AE2B-C16B9FDC2531}.Debug|Any CPU.ActiveCfg = Debug|x86
		{1A13B085-5968-491A-AE2B-C16B9FDC2531}.Debug|x86.ActiveCfg = Debug|x86
		{1A13B085-5968-491A-AE2B-C16B9FDC2531}.Debug|x86.Build.0 = Debug|x86
		{1A13B085-5968-491A-AE2B-C16B9FDC2531}.Release|Any CPU.ActiveCfg = Release|x86
		{1A13B085-5968-491A-AE2B-C16B9FDC2531}.Release|x86.ActiveCfg = Release|x86
		{1A13B085-5968-491A-AE2B-C16B9FDC2531}.Release|x86.Build.0 = Release|x86
		{8E06189C-0921-4704-A4C1-0A86216A2184}.Debug|Any CPU.ActiveCfg = Debug|Any CPU
		{8E06189C-0921-4704-A4C1-0A86216A2184}.Debug|Any CPU.Build.0 = Debug|Any CPU
		{8E06189C-0921-4704-A4C1-0A86216A2184}.Debug|x86.ActiveCfg = Debug|Any CPU
		{8E06189C-0921-4704-A4C1-0A86216A2184}.Debug|x86.Build.0 = Debug|Any CPU
		{8E06189C-0921-4704-A4C1-0A86216A2184}.Release|Any CPU.ActiveCfg = Release|Any CPU
		{8E06189C-0921-4704-A4C1-0A86216A2184}.Release|Any CPU.Build.0 = Release|Any CPU
		{8E06189C-0921-4704-A4C1-0A86216A2184}.Release|x86.ActiveCfg = Release|Any CPU
		{8E06189C-0921-4704-A4C1-0A86216A2184}.Release|x86.Build.0 = Release|Any CPU
		{6B217B47-CBBC-449E-90A7-8170BE3EC8E6}.Debug|Any CPU.ActiveCfg = Debug|Any CPU
		{6B217B47-CBBC-449E-90A7-8170BE3EC8E6}.Debug|Any CPU.Build.0 = Debug|Any CPU
		{6B217B47-CBBC-449E-90A7-8170BE3EC8E6}.Debug|x86.ActiveCfg = Debug|Any CPU
		{6B217B47-CBBC-449E-90A7-8170BE3EC8E6}.Debug|x86.Build.0 = Debug|Any CPU
		{6B217B47-CBBC-449E-90A7-8170BE3EC8E6}.Release|Any CPU.ActiveCfg = Release|Any CPU
		{6B217B47-CBBC-449E-90A7-8170BE3EC8E6}.Release|Any CPU.Build.0 = Release|Any CPU
		{6B217B47-CBBC-449E-90A7-8170BE3EC8E6}.Release|x86.ActiveCfg = Release|Any CPU
		{6B217B47-CBBC-449E-90A7-8170BE3EC8E6}.Release|x86.Build.0 = Release|Any CPU
		{AF0CC174-1FCF-4619-A030-55DB7B752A32}.Debug|Any CPU.ActiveCfg = Debug|Any CPU
		{AF0CC174-1FCF-4619-A030-55DB7B752A32}.Debug|Any CPU.Build.0 = Debug|Any CPU
		{AF0CC174-1FCF-4619-A030-55DB7B752A32}.Debug|x86.ActiveCfg = Debug|Any CPU
		{AF0CC174-1FCF-4619-A030-55DB7B752A32}.Debug|x86.Build.0 = Debug|Any CPU
		{AF0CC174-1FCF-4619-A030-55DB7B752A32}.Release|Any CPU.ActiveCfg = Release|Any CPU
		{AF0CC174-1FCF-4619-A030-55DB7B752A32}.Release|Any CPU.Build.0 = Release|Any CPU
		{AF0CC174-1FCF-4619-A030-55DB7B752A32}.Release|x86.ActiveCfg = Release|Any CPU
		{AF0CC174-1FCF-4619-A030-55DB7B752A32}.Release|x86.Build.0 = Release|Any CPU
		{036F1124-87CF-474F-93C1-15EAD6C8D059}.Debug|Any CPU.ActiveCfg = Debug|Any CPU
		{036F1124-87CF-474F-93C1-15EAD6C8D059}.Debug|Any CPU.Build.0 = Debug|Any CPU
		{036F1124-87CF-474F-93C1-15EAD6C8D059}.Debug|x86.ActiveCfg = Debug|Any CPU
		{036F1124-87CF-474F-93C1-15EAD6C8D059}.Debug|x86.Build.0 = Debug|Any CPU
		{036F1124-87CF-474F-93C1-15EAD6C8D059}.Release|Any CPU.ActiveCfg = Release|Any CPU
		{036F1124-87CF-474F-93C1-15EAD6C8D059}.Release|Any CPU.Build.0 = Release|Any CPU
		{036F1124-87CF-474F-93C1-15EAD6C8D059}.Release|x86.ActiveCfg = Release|Any CPU
		{036F1124-87CF-474F-93C1-15EAD6C8D059}.Release|x86.Build.0 = Release|Any CPU
		{7DC456B0-80B8-4201-884C-8E0EEE1B7C24}.Debug|Any CPU.ActiveCfg = Debug|Any CPU
		{7DC456B0-80B8-4201-884C-8E0EEE1B7C24}.Debug|Any CPU.Build.0 = Debug|Any CPU
		{7DC456B0-80B8-4201-884C-8E0EEE1B7C24}.Debug|x86.ActiveCfg = Debug|Any CPU
		{7DC456B0-80B8-4201-884C-8E0EEE1B7C24}.Debug|x86.Build.0 = Debug|Any CPU
		{7DC456B0-80B8-4201-884C-8E0EEE1B7C24}.Release|Any CPU.ActiveCfg = Release|Any CPU
		{7DC456B0-80B8-4201-884C-8E0EEE1B7C24}.Release|Any CPU.Build.0 = Release|Any CPU
		{7DC456B0-80B8-4201-884C-8E0EEE1B7C24}.Release|x86.ActiveCfg = Release|Any CPU
		{7DC456B0-80B8-4201-884C-8E0EEE1B7C24}.Release|x86.Build.0 = Release|Any CPU
	EndGlobalSection
	GlobalSection(SolutionProperties) = preSolution
		HideSolutionNode = FALSE
	EndGlobalSection
	GlobalSection(ExtensibilityGlobals) = postSolution
		SolutionGuid = {8E227BDF-4A28-45A5-9996-E7C11F063910}
	EndGlobalSection
EndGlobal
